
Microsoft Visual Studio Solution File, Format Version 12.00
# Visual Studio Version 17
VisualStudioVersion = 17.7.34024.191
MinimumVisualStudioVersion = 10.0.40219.1
Project("{FAE04EC0-301F-11D3-BF4B-00C04F79EFBC}") = "UzaySorusu", "UzaySorusu\UzaySorusu.csproj", "{75208E2B-FE28-499F-B458-4C30F3FE42F2}"
EndProject
Global
	GlobalSection(SolutionConfigurationPlatforms) = preSolution
		Debug|Any CPU = Debug|Any CPU
		Release|Any CPU = Release|Any CPU
	EndGlobalSection
	GlobalSection(ProjectConfigurationPlatforms) = postSolution
		{75208E2B-FE28-499F-B458-4C30F3FE42F2}.Debug|Any CPU.ActiveCfg = Debug|Any CPU
		{75208E2B-FE28-499F-B458-4C30F3FE42F2}.Debug|Any CPU.Build.0 = Debug|Any CPU
		{75208E2B-FE28-499F-B458-4C30F3FE42F2}.Release|Any CPU.ActiveCfg = Release|Any CPU
		{75208E2B-FE28-499F-B458-4C30F3FE42F2}.Release|Any CPU.Build.0 = Release|Any CPU
	EndGlobalSection
	GlobalSection(SolutionProperties) = preSolution
		HideSolutionNode = FALSE
	EndGlobalSection
	GlobalSection(ExtensibilityGlobals) = postSolution
		SolutionGuid = {57A5CBE9-3BD4-4BA7-A9D6-EF217FE5334C}
	EndGlobalSection
EndGlobal
